github.com/MattLaidlaw/go-assert v1.0.0 h1:Ri68lqPB4H1AYzI+mTp9twpk+2SkAa0ELig0ZnGaxXg=
github.com/MattLaidlaw/go-assert v1.0.0/go.mod h1:rWni4tZD7oaM36pO/lbeb4UToZY0FkMCnyrPQ95hfFs=
github.com/MattLaidlaw/go-jsonrpc2 v1.1.0 h1:yIgmWooYWQv7Zyc+MFhnEbnoPiUphiwHRplYVH/x5V0=
github.com/MattLaidlaw/go-jsonrpc2 v1.1.0/go.mod h1:L6QBHwCmAKXjsQhmGWqHebyuOE90UW/H4tqs+1OeKRM=
github.com/google/uuid v1.3.0 h1:t6JiXgmwXMjEs8VusXIJk2BXHsn+wx8BZdTaoZ5fu7I=
github.com/google/uuid v1.3.0/go.mod h1:TIyPZe4MgqvfeYDBFedMoGGpEw/LqOeaOT+nhxU+yHo=
